{
  "name": "slides-textlint-plugins",
  "version": "0.0.0",
  "lockfileVersion": 3,
  "requires": true,
  "packages": {
    "": {
      "name": "slides-textlint-plugins",
      "version": "0.0.0",
      "dependencies": {
        "textlint-plugin-typst": "1.4.2"
      }
    },
    "node_modules/@myriaddreamin/typst-ts-web-compiler": {
      "version": "0.7.0-rc2",
      "resolved": "https://registry.npmjs.org/@myriaddreamin/typst-ts-web-compiler/-/typst-ts-web-compiler-0.7.0-rc2.tgz",
      "integrity": "sha512-WFO/ecKUfeclld5uDxyjgpnIafKpp2LrS6T1vY+CHaSxCm099AneAQIYFg+OtX+NbFpJsLGCBFSw/qppJJmBAw==",
      "license": "Apache-2.0"
    },
    "node_modules/textlint-plugin-typst": {
      "version": "1.4.2",
      "resolved": "https://registry.npmjs.org/textlint-plugin-typst/-/textlint-plugin-typst-1.4.2.tgz",
      "integrity": "sha512-rw8AltyBQyev3YHq7hfc8BxZpbwBwQ3GaxOZN6nGTqA6JUlJWKPsQsSPbleS2FuxVHzLwWqCnuU+aDsN2xwq3A==",
      "license": "MIT",
      "dependencies": {
        "@myriaddreamin/typst-ts-web-compiler": "0.7.0-rc2"
      },
      "funding": {
        "type": "github",
        "url": "https://github.com/sponsors/3w36zj6"
      }
    }
  }
}
